
Microsoft Visual Studio Solution File, Format Version 12.00
# Visual Studio 2013
VisualStudioVersion = 12.0.21005.1
MinimumVisualStudioVersion = 10.0.40219.1
Project("{FAE04EC0-301F-11D3-BF4B-00C04F79EFBC}") = "ShopAspDotNet.Common", "ShopAspDotNet.Common\ShopAspDotNet.Common.csproj", "{37AB9759-56BF-43FD-B1EF-8380097FF207}"
EndProject
Project("{FAE04EC0-301F-11D3-BF4B-00C04F79EFBC}") = "ShopAspDotNet.Model", "ShopAspDotNet.Model\ShopAspDotNet.Model.csproj", "{094B0B9B-75C9-4FD5-8544-CEA69673E7C5}"
EndProject
Project("{FAE04EC0-301F-11D3-BF4B-00C04F79EFBC}") = "ShopAspDotNet.Service", "ShopAspDotNet.Service\ShopAspDotNet.Service.csproj", "{65BE775C-45FC-49A0-A2F3-2D6F0ED9C897}"
EndProject
Project("{FAE04EC0-301F-11D3-BF4B-00C04F79EFBC}") = "ShopAspDotNet.Data", "ShopAspDotNet.Data\ShopAspDotNet.Data.csproj", "{1274E0D1-8478-49FC-B517-76C924353B40}"
EndProject
Project("{FAE04EC0-301F-11D3-BF4B-00C04F79EFBC}") = "ShopAspDotNet.UnitTest", "ShopAspDotNet.UnitTest\ShopAspDotNet.UnitTest.csproj", "{3D7AFFF0-B841-45AF-A22B-CF4B8059641A}"
EndProject
Project("{FAE04EC0-301F-11D3-BF4B-00C04F79EFBC}") = "ShopAspDotNet.Web", "ShopAspDotNet.Web\ShopAspDotNet.Web.csproj", "{856D6082-7951-478A-B3FC-A7AB99EE96B2}"
EndProject
Global
	GlobalSection(SolutionConfigurationPlatforms) = preSolution
		Debug|Any CPU = Debug|Any CPU
		Release|Any CPU = Release|Any CPU
	EndGlobalSection
	GlobalSection(ProjectConfigurationPlatforms) = postSolution
		{37AB9759-56BF-43FD-B1EF-8380097FF207}.Debug|Any CPU.ActiveCfg = Debug|Any CPU
		{37AB9759-56BF-43FD-B1EF-8380097FF207}.Debug|Any CPU.Build.0 = Debug|Any CPU
		{37AB9759-56BF-43FD-B1EF-8380097FF207}.Release|Any CPU.ActiveCfg = Release|Any CPU
		{37AB9759-56BF-43FD-B1EF-8380097FF207}.Release|Any CPU.Build.0 = Release|Any CPU
		{094B0B9B-75C9-4FD5-8544-CEA69673E7C5}.Debug|Any CPU.ActiveCfg = Debug|Any CPU
		{094B0B9B-75C9-4FD5-8544-CEA69673E7C5}.Debug|Any CPU.Build.0 = Debug|Any CPU
		{094B0B9B-75C9-4FD5-8544-CEA69673E7C5}.Release|Any CPU.ActiveCfg = Release|Any CPU
		{094B0B9B-75C9-4FD5-8544-CEA69673E7C5}.Release|Any CPU.Build.0 = Release|Any CPU
		{65BE775C-45FC-49A0-A2F3-2D6F0ED9C897}.Debug|Any CPU.ActiveCfg = Debug|Any CPU
		{65BE775C-45FC-49A0-A2F3-2D6F0ED9C897}.Debug|Any CPU.Build.0 = Debug|Any CPU
		{65BE775C-45FC-49A0-A2F3-2D6F0ED9C897}.Release|Any CPU.ActiveCfg = Release|Any CPU
		{65BE775C-45FC-49A0-A2F3-2D6F0ED9C897}.Release|Any CPU.Build.0 = Release|Any CPU
		{1274E0D1-8478-49FC-B517-76C924353B40}.Debug|Any CPU.ActiveCfg = Debug|Any CPU
		{1274E0D1-8478-49FC-B517-76C924353B40}.Debug|Any CPU.Build.0 = Debug|Any CPU
		{1274E0D1-8478-49FC-B517-76C924353B40}.Release|Any CPU.ActiveCfg = Release|Any CPU
		{1274E0D1-8478-49FC-B517-76C924353B40}.Release|Any CPU.Build.0 = Release|Any CPU
		{3D7AFFF0-B841-45AF-A22B-CF4B8059641A}.Debug|Any CPU.ActiveCfg = Debug|Any CPU
		{3D7AFFF0-B841-45AF-A22B-CF4B8059641A}.Debug|Any CPU.Build.0 = Debug|Any CPU
		{3D7AFFF0-B841-45AF-A22B-CF4B8059641A}.Release|Any CPU.ActiveCfg = Release|Any CPU
		{3D7AFFF0-B841-45AF-A22B-CF4B8059641A}.Release|Any CPU.Build.0 = Release|Any CPU
		{856D6082-7951-478A-B3FC-A7AB99EE96B2}.Debug|Any CPU.ActiveCfg = Debug|Any CPU
		{856D6082-7951-478A-B3FC-A7AB99EE96B2}.Debug|Any CPU.Build.0 = Debug|Any CPU
		{856D6082-7951-478A-B3FC-A7AB99EE96B2}.Release|Any CPU.ActiveCfg = Release|Any CPU
		{856D6082-7951-478A-B3FC-A7AB99EE96B2}.Release|Any CPU.Build.0 = Release|Any CPU
	EndGlobalSection
	GlobalSection(SolutionProperties) = preSolution
		HideSolutionNode = FALSE
	EndGlobalSection
EndGlobal
